// !$*UTF8*$!
{
	archiveVersion = 1;
	classes = {
	};
	objectVersion = 56;
	objects = {

/* Begin PBXBuildFile section */
		5FC900862AA709EB002217F0 /* BookingTestApp.swift in Sources */ = {isa = PBXBuildFile; fileRef = 5FC900852AA709EB002217F0 /* BookingTestApp.swift */; };
		5FC9008A2AA709ED002217F0 /* Assets.xcassets in Resources */ = {isa = PBXBuildFile; fileRef = 5FC900892AA709ED002217F0 /* Assets.xcassets */; };
		5FC9008D2AA709ED002217F0 /* Preview Assets.xcassets in Resources */ = {isa = PBXBuildFile; fileRef = 5FC9008C2AA709ED002217F0 /* Preview Assets.xcassets */; };
		5FC900982AA7156E002217F0 /* ACarousel in Frameworks */ = {isa = PBXBuildFile; productRef = 5FC900972AA7156E002217F0 /* ACarousel */; };
		5FC9009B2AA715A5002217F0 /* Swinject in Frameworks */ = {isa = PBXBuildFile; productRef = 5FC9009A2AA715A5002217F0 /* Swinject */; };
		5FC9009E2AA715EB002217F0 /* CombineMoya in Frameworks */ = {isa = PBXBuildFile; productRef = 5FC9009D2AA715EB002217F0 /* CombineMoya */; };
		5FC900A02AA715EB002217F0 /* Moya in Frameworks */ = {isa = PBXBuildFile; productRef = 5FC9009F2AA715EB002217F0 /* Moya */; };
		5FDA167E2AA83A83003729BA /* HotelView.swift in Sources */ = {isa = PBXBuildFile; fileRef = 5FDA167D2AA83A83003729BA /* HotelView.swift */; };
		5FDA16832AA844BA003729BA /* ServicesFactory.swift in Sources */ = {isa = PBXBuildFile; fileRef = 5FDA16822AA844BA003729BA /* ServicesFactory.swift */; };
		5FDA16852AA8455A003729BA /* HotelProvider.swift in Sources */ = {isa = PBXBuildFile; fileRef = 5FDA16842AA8455A003729BA /* HotelProvider.swift */; };
		5FDA16892AA8458C003729BA /* Hotel.swift in Sources */ = {isa = PBXBuildFile; fileRef = 5FDA16882AA8458C003729BA /* Hotel.swift */; };
		5FDA168B2AA84E61003729BA /* API.swift in Sources */ = {isa = PBXBuildFile; fileRef = 5FDA168A2AA84E60003729BA /* API.swift */; };
		5FDA16902AA858FA003729BA /* MessageRepresentable.swift in Sources */ = {isa = PBXBuildFile; fileRef = 5FDA168F2AA858FA003729BA /* MessageRepresentable.swift */; };
		5FDA16932AA85E12003729BA /* ViewEvent.swift in Sources */ = {isa = PBXBuildFile; fileRef = 5FDA16922AA85E11003729BA /* ViewEvent.swift */; };
		5FDA16952AA872DC003729BA /* HotelViewModel.swift in Sources */ = {isa = PBXBuildFile; fileRef = 5FDA16942AA872DC003729BA /* HotelViewModel.swift */; };
		5FDA16972AA873CF003729BA /* Bindable.swift in Sources */ = {isa = PBXBuildFile; fileRef = 5FDA16962AA873CF003729BA /* Bindable.swift */; };
		5FDA16992AA87C8C003729BA /* ViewModelBaseBinding.swift in Sources */ = {isa = PBXBuildFile; fileRef = 5FDA16982AA87C8C003729BA /* ViewModelBaseBinding.swift */; };
		5FDA169B2AA87D1D003729BA /* CancelableOwner.swift in Sources */ = {isa = PBXBuildFile; fileRef = 5FDA169A2AA87D1D003729BA /* CancelableOwner.swift */; };
		5FDA169E2AA87DC8003729BA /* ViewEventHandling.swift in Sources */ = {isa = PBXBuildFile; fileRef = 5FDA169D2AA87DC8003729BA /* ViewEventHandling.swift */; };
		5FDA16A02AA87DE1003729BA /* ViewActionHandling.swift in Sources */ = {isa = PBXBuildFile; fileRef = 5FDA169F2AA87DE1003729BA /* ViewActionHandling.swift */; };
		5FDA16BC2AA88F2A003729BA /* SF-Pro-Display-Regular.otf in Resources */ = {isa = PBXBuildFile; fileRef = 5FDA16BB2AA88F26003729BA /* SF-Pro-Display-Regular.otf */; };
		5FDA16BF2AA891CA003729BA /* Fonts.swift in Sources */ = {isa = PBXBuildFile; fileRef = 5FDA16BE2AA891CA003729BA /* Fonts.swift */; };
		5FDA16C12AA896A5003729BA /* ImageViewModel.swift in Sources */ = {isa = PBXBuildFile; fileRef = 5FDA16C02AA896A5003729BA /* ImageViewModel.swift */; };
		5FDA16C42AA8B25E003729BA /* ImagesProvider.swift in Sources */ = {isa = PBXBuildFile; fileRef = 5FDA16C32AA8B25E003729BA /* ImagesProvider.swift */; };
		5FDA16C62AA8B3CE003729BA /* ImageSource.swift in Sources */ = {isa = PBXBuildFile; fileRef = 5FDA16C52AA8B3CE003729BA /* ImageSource.swift */; };
		5FDA16C92AA8BE2A003729BA /* Bundle+appName.swift in Sources */ = {isa = PBXBuildFile; fileRef = 5FDA16C82AA8BE2A003729BA /* Bundle+appName.swift */; };
		5FDA16CB2AA9AD9B003729BA /* DebugLoging.swift in Sources */ = {isa = PBXBuildFile; fileRef = 5FDA16CA2AA9AD9B003729BA /* DebugLoging.swift */; };
		5FDA16CF2AA9E6A6003729BA /* RatingView.swift in Sources */ = {isa = PBXBuildFile; fileRef = 5FDA16CE2AA9E6A6003729BA /* RatingView.swift */; };
		5FDA16D12AAAE9E5003729BA /* AddressButtonView.swift in Sources */ = {isa = PBXBuildFile; fileRef = 5FDA16D02AAAE9E5003729BA /* AddressButtonView.swift */; };
		5FDA16D52AAC5AD5003729BA /* RoundedCorner.swift in Sources */ = {isa = PBXBuildFile; fileRef = 5FDA16D42AAC5AD5003729BA /* RoundedCorner.swift */; };
		5FDA16D72AAC5B06003729BA /* View+CornerRadius.swift in Sources */ = {isa = PBXBuildFile; fileRef = 5FDA16D62AAC5B06003729BA /* View+CornerRadius.swift */; };
		5FDA16DC2AACAFB7003729BA /* DescriptionView.swift in Sources */ = {isa = PBXBuildFile; fileRef = 5FDA16DB2AACAFB7003729BA /* DescriptionView.swift */; };
		5FDA16E02AAEE22C003729BA /* CategoryView.swift in Sources */ = {isa = PBXBuildFile; fileRef = 5FDA16DF2AAEE22B003729BA /* CategoryView.swift */; };
		5FDA16E52AAF02CD003729BA /* AboutHotelView.swift in Sources */ = {isa = PBXBuildFile; fileRef = 5FDA16E42AAF02CD003729BA /* AboutHotelView.swift */; };
		5FDA16E82AAF09A7003729BA /* ListRowModifier.swift in Sources */ = {isa = PBXBuildFile; fileRef = 5FDA16E72AAF09A7003729BA /* ListRowModifier.swift */; };
		5FDA16EB2AAF102E003729BA /* HotelContentCategoryViewModel.swift in Sources */ = {isa = PBXBuildFile; fileRef = 5FDA16EA2AAF102E003729BA /* HotelContentCategoryViewModel.swift */; };
		5FDA16ED2AAF1516003729BA /* AboutHotelCategoriesView.swift in Sources */ = {isa = PBXBuildFile; fileRef = 5FDA16EC2AAF1516003729BA /* AboutHotelCategoriesView.swift */; };
		5FDA16EF2AAF2CF8003729BA /* SelectView.swift in Sources */ = {isa = PBXBuildFile; fileRef = 5FDA16EE2AAF2CF8003729BA /* SelectView.swift */; };
		5FDA16F12AAF3536003729BA /* NavigationTitledView.swift in Sources */ = {isa = PBXBuildFile; fileRef = 5FDA16F02AAF3536003729BA /* NavigationTitledView.swift */; };
		5FDA16F42AAF3800003729BA /* SelectNumberView.swift in Sources */ = {isa = PBXBuildFile; fileRef = 5FDA16F32AAF3800003729BA /* SelectNumberView.swift */; };
		5FDA16F62AAF3812003729BA /* SelectNumberViewModel.swift in Sources */ = {isa = PBXBuildFile; fileRef = 5FDA16F52AAF3812003729BA /* SelectNumberViewModel.swift */; };
		5FE46A092AAF3FD300BA6BAC /* Room.swift in Sources */ = {isa = PBXBuildFile; fileRef = 5FE46A082AAF3FD300BA6BAC /* Room.swift */; };
		5FE46A0B2AAF458600BA6BAC /* RoomsProvider.swift in Sources */ = {isa = PBXBuildFile; fileRef = 5FE46A0A2AAF458600BA6BAC /* RoomsProvider.swift */; };
		5FE46A0D2AB01FB800BA6BAC /* RoomView.swift in Sources */ = {isa = PBXBuildFile; fileRef = 5FE46A0C2AB01FB800BA6BAC /* RoomView.swift */; };
		5FE46A0F2AB0234D00BA6BAC /* ParticularitiesView.swift in Sources */ = {isa = PBXBuildFile; fileRef = 5FE46A0E2AB0234D00BA6BAC /* ParticularitiesView.swift */; };
/* End PBXBuildFile section */

/* Begin PBXFileReference section */
		5FC900822AA709EB002217F0 /* BookingTest.app */ = {isa = PBXFileReference; explicitFileType = wrapper.application; includeInIndex = 0; path = BookingTest.app; sourceTree = BUILT_PRODUCTS_DIR; };
		5FC900852AA709EB002217F0 /* BookingTestApp.swift */ = {isa = PBXFileReference; lastKnownFileType = sourcecode.swift; path = BookingTestApp.swift; sourceTree = "<group>"; };
		5FC900892AA709ED002217F0 /* Assets.xcassets */ = {isa = PBXFileReference; lastKnownFileType = folder.assetcatalog; path = Assets.xcassets; sourceTree = "<group>"; };
		5FC9008C2AA709ED002217F0 /* Preview Assets.xcassets */ = {isa = PBXFileReference; lastKnownFileType = folder.assetcatalog; path = "Preview Assets.xcassets"; sourceTree = "<group>"; };
		5FDA167D2AA83A83003729BA /* HotelView.swift */ = {isa = PBXFileReference; lastKnownFileType = sourcecode.swift; path = HotelView.swift; sourceTree = "<group>"; };
		5FDA16822AA844BA003729BA /* ServicesFactory.swift */ = {isa = PBXFileReference; lastKnownFileType = sourcecode.swift; path = ServicesFactory.swift; sourceTree = "<group>"; };
		5FDA16842AA8455A003729BA /* HotelProvider.swift */ = {isa = PBXFileReference; lastKnownFileType = sourcecode.swift; path = HotelProvider.swift; sourceTree = "<group>"; };
		5FDA16882AA8458C003729BA /* Hotel.swift */ = {isa = PBXFileReference; lastKnownFileType = sourcecode.swift; path = Hotel.swift; sourceTree = "<group>"; };
		5FDA168A2AA84E60003729BA /* API.swift */ = {isa = PBXFileReference; lastKnownFileType = sourcecode.swift; path = API.swift; sourceTree = "<group>"; };
		5FDA168F2AA858FA003729BA /* MessageRepresentable.swift */ = {isa = PBXFileReference; lastKnownFileType = sourcecode.swift; path = MessageRepresentable.swift; sourceTree = "<group>"; };
		5FDA16922AA85E11003729BA /* ViewEvent.swift */ = {isa = PBXFileReference; lastKnownFileType = sourcecode.swift; path = ViewEvent.swift; sourceTree = "<group>"; };
		5FDA16942AA872DC003729BA /* HotelViewModel.swift */ = {isa = PBXFileReference; lastKnownFileType = sourcecode.swift; path = HotelViewModel.swift; sourceTree = "<group>"; };
		5FDA16962AA873CF003729BA /* Bindable.swift */ = {isa = PBXFileReference; lastKnownFileType = sourcecode.swift; path = Bindable.swift; sourceTree = "<group>"; };
		5FDA16982AA87C8C003729BA /* ViewModelBaseBinding.swift */ = {isa = PBXFileReference; lastKnownFileType = sourcecode.swift; path = ViewModelBaseBinding.swift; sourceTree = "<group>"; };
		5FDA169A2AA87D1D003729BA /* CancelableOwner.swift */ = {isa = PBXFileReference; lastKnownFileType = sourcecode.swift; path = CancelableOwner.swift; sourceTree = "<group>"; };
		5FDA169D2AA87DC8003729BA /* ViewEventHandling.swift */ = {isa = PBXFileReference; lastKnownFileType = sourcecode.swift; path = ViewEventHandling.swift; sourceTree = "<group>"; };
		5FDA169F2AA87DE1003729BA /* ViewActionHandling.swift */ = {isa = PBXFileReference; lastKnownFileType = sourcecode.swift; path = ViewActionHandling.swift; sourceTree = "<group>"; };
		5FDA16BB2AA88F26003729BA /* SF-Pro-Display-Regular.otf */ = {isa = PBXFileReference; lastKnownFileType = file; path = "SF-Pro-Display-Regular.otf"; sourceTree = "<group>"; };
		5FDA16BD2AA88FB3003729BA /* Info.plist */ = {isa = PBXFileReference; lastKnownFileType = text.plist.xml; path = Info.plist; sourceTree = "<group>"; };
		5FDA16BE2AA891CA003729BA /* Fonts.swift */ = {isa = PBXFileReference; lastKnownFileType = sourcecode.swift; path = Fonts.swift; sourceTree = "<group>"; };
		5FDA16C02AA896A5003729BA /* ImageViewModel.swift */ = {isa = PBXFileReference; lastKnownFileType = sourcecode.swift; path = ImageViewModel.swift; sourceTree = "<group>"; };
		5FDA16C32AA8B25E003729BA /* ImagesProvider.swift */ = {isa = PBXFileReference; lastKnownFileType = sourcecode.swift; path = ImagesProvider.swift; sourceTree = "<group>"; };
		5FDA16C52AA8B3CE003729BA /* ImageSource.swift */ = {isa = PBXFileReference; lastKnownFileType = sourcecode.swift; path = ImageSource.swift; sourceTree = "<group>"; };
		5FDA16C82AA8BE2A003729BA /* Bundle+appName.swift */ = {isa = PBXFileReference; lastKnownFileType = sourcecode.swift; path = "Bundle+appName.swift"; sourceTree = "<group>"; };
		5FDA16CA2AA9AD9B003729BA /* DebugLoging.swift */ = {isa = PBXFileReference; lastKnownFileType = sourcecode.swift; path = DebugLoging.swift; sourceTree = "<group>"; };
		5FDA16CE2AA9E6A6003729BA /* RatingView.swift */ = {isa = PBXFileReference; lastKnownFileType = sourcecode.swift; path = RatingView.swift; sourceTree = "<group>"; };
		5FDA16D02AAAE9E5003729BA /* AddressButtonView.swift */ = {isa = PBXFileReference; lastKnownFileType = sourcecode.swift; path = AddressButtonView.swift; sourceTree = "<group>"; };
		5FDA16D42AAC5AD5003729BA /* RoundedCorner.swift */ = {isa = PBXFileReference; lastKnownFileType = sourcecode.swift; path = RoundedCorner.swift; sourceTree = "<group>"; };
		5FDA16D62AAC5B06003729BA /* View+CornerRadius.swift */ = {isa = PBXFileReference; lastKnownFileType = sourcecode.swift; path = "View+CornerRadius.swift"; sourceTree = "<group>"; };
		5FDA16DB2AACAFB7003729BA /* DescriptionView.swift */ = {isa = PBXFileReference; lastKnownFileType = sourcecode.swift; path = DescriptionView.swift; sourceTree = "<group>"; };
		5FDA16DF2AAEE22B003729BA /* CategoryView.swift */ = {isa = PBXFileReference; lastKnownFileType = sourcecode.swift; path = CategoryView.swift; sourceTree = "<group>"; };
		5FDA16E42AAF02CD003729BA /* AboutHotelView.swift */ = {isa = PBXFileReference; lastKnownFileType = sourcecode.swift; path = AboutHotelView.swift; sourceTree = "<group>"; };
		5FDA16E72AAF09A7003729BA /* ListRowModifier.swift */ = {isa = PBXFileReference; lastKnownFileType = sourcecode.swift; path = ListRowModifier.swift; sourceTree = "<group>"; };
		5FDA16EA2AAF102E003729BA /* HotelContentCategoryViewModel.swift */ = {isa = PBXFileReference; lastKnownFileType = sourcecode.swift; path = HotelContentCategoryViewModel.swift; sourceTree = "<group>"; };
		5FDA16EC2AAF1516003729BA /* AboutHotelCategoriesView.swift */ = {isa = PBXFileReference; lastKnownFileType = sourcecode.swift; path = AboutHotelCategoriesView.swift; sourceTree = "<group>"; };
		5FDA16EE2AAF2CF8003729BA /* SelectView.swift */ = {isa = PBXFileReference; lastKnownFileType = sourcecode.swift; path = SelectView.swift; sourceTree = "<group>"; };
		5FDA16F02AAF3536003729BA /* NavigationTitledView.swift */ = {isa = PBXFileReference; lastKnownFileType = sourcecode.swift; path = NavigationTitledView.swift; sourceTree = "<group>"; };
		5FDA16F32AAF3800003729BA /* SelectNumberView.swift */ = {isa = PBXFileReference; lastKnownFileType = sourcecode.swift; path = SelectNumberView.swift; sourceTree = "<group>"; };
		5FDA16F52AAF3812003729BA /* SelectNumberViewModel.swift */ = {isa = PBXFileReference; lastKnownFileType = sourcecode.swift; path = SelectNumberViewModel.swift; sourceTree = "<group>"; };
		5FE46A082AAF3FD300BA6BAC /* Room.swift */ = {isa = PBXFileReference; lastKnownFileType = sourcecode.swift; path = Room.swift; sourceTree = "<group>"; };
		5FE46A0A2AAF458600BA6BAC /* RoomsProvider.swift */ = {isa = PBXFileReference; lastKnownFileType = sourcecode.swift; path = RoomsProvider.swift; sourceTree = "<group>"; };
		5FE46A0C2AB01FB800BA6BAC /* RoomView.swift */ = {isa = PBXFileReference; lastKnownFileType = sourcecode.swift; path = RoomView.swift; sourceTree = "<group>"; };
		5FE46A0E2AB0234D00BA6BAC /* ParticularitiesView.swift */ = {isa = PBXFileReference; lastKnownFileType = sourcecode.swift; path = ParticularitiesView.swift; sourceTree = "<group>"; };
/* End PBXFileReference section */

/* Begin PBXFrameworksBuildPhase section */
		5FC9007F2AA709EB002217F0 /* Frameworks */ = {
			isa = PBXFrameworksBuildPhase;
			buildActionMask = 2147483647;
			files = (
				5FC900982AA7156E002217F0 /* ACarousel in Frameworks */,
				5FC9009E2AA715EB002217F0 /* CombineMoya in Frameworks */,
				5FC900A02AA715EB002217F0 /* Moya in Frameworks */,
				5FC9009B2AA715A5002217F0 /* Swinject in Frameworks */,
			);
			runOnlyForDeploymentPostprocessing = 0;
		};
/* End PBXFrameworksBuildPhase section */

/* Begin PBXGroup section */
		5FC900792AA709EB002217F0 = {
			isa = PBXGroup;
			children = (
				5FC900842AA709EB002217F0 /* BookingTest */,
				5FC900832AA709EB002217F0 /* Products */,
			);
			sourceTree = "<group>";
		};
		5FC900832AA709EB002217F0 /* Products */ = {
			isa = PBXGroup;
			children = (
				5FC900822AA709EB002217F0 /* BookingTest.app */,
			);
			name = Products;
			sourceTree = "<group>";
		};
		5FC900842AA709EB002217F0 /* BookingTest */ = {
			isa = PBXGroup;
			children = (
				5FDA168D2AA858CC003729BA /* Shared */,
				5FDA16812AA8449B003729BA /* Services */,
				5FDA167B2AA839A0003729BA /* Scenes */,
				5FDA16762AA83299003729BA /* Main */,
				5FDA16A12AA88A15003729BA /* Resources */,
			);
			path = BookingTest;
			sourceTree = "<group>";
		};
		5FC9008B2AA709ED002217F0 /* Preview Content */ = {
			isa = PBXGroup;
			children = (
				5FC9008C2AA709ED002217F0 /* Preview Assets.xcassets */,
			);
			path = "Preview Content";
			sourceTree = "<group>";
		};
		5FDA16762AA83299003729BA /* Main */ = {
			isa = PBXGroup;
			children = (
				5FC900852AA709EB002217F0 /* BookingTestApp.swift */,
			);
			path = Main;
			sourceTree = "<group>";
		};
		5FDA167B2AA839A0003729BA /* Scenes */ = {
			isa = PBXGroup;
			children = (
				5FDA167C2AA839AF003729BA /* Hotel */,
				5FDA16F22AAF37EB003729BA /* SelectNumber */,
			);
			path = Scenes;
			sourceTree = "<group>";
		};
		5FDA167C2AA839AF003729BA /* Hotel */ = {
			isa = PBXGroup;
			children = (
				5FDA167D2AA83A83003729BA /* HotelView.swift */,
				5FDA16942AA872DC003729BA /* HotelViewModel.swift */,
			);
			path = Hotel;
			sourceTree = "<group>";
		};
		5FDA16812AA8449B003729BA /* Services */ = {
			isa = PBXGroup;
			children = (
				5FDA168C2AA84E67003729BA /* Providers */,
				5FDA16822AA844BA003729BA /* ServicesFactory.swift */,
			);
			path = Services;
			sourceTree = "<group>";
		};
		5FDA16872AA84574003729BA /* HotelProvider */ = {
			isa = PBXGroup;
			children = (
				5FDA16882AA8458C003729BA /* Hotel.swift */,
				5FDA16842AA8455A003729BA /* HotelProvider.swift */,
			);
			path = HotelProvider;
			sourceTree = "<group>";
		};
		5FDA168C2AA84E67003729BA /* Providers */ = {
			isa = PBXGroup;
			children = (
				5FE46A072AAF3FB700BA6BAC /* RoomsProvider */,
				5FDA16872AA84574003729BA /* HotelProvider */,
				5FDA16C32AA8B25E003729BA /* ImagesProvider.swift */,
				5FDA168A2AA84E60003729BA /* API.swift */,
			);
			path = Providers;
			sourceTree = "<group>";
		};
		5FDA168D2AA858CC003729BA /* Shared */ = {
			isa = PBXGroup;
			children = (
				5FDA16E92AAF100A003729BA /* ViewModels */,
				5FDA16E62AAF098A003729BA /* Modifiers */,
				5FDA16E32AAF0285003729BA /* Views */,
				5FDA16CD2AA9E637003729BA /* UIComponents */,
				5FDA16912AA85DF9003729BA /* Types */,
				5FDA168E2AA858DB003729BA /* Protocols */,
				5FDA16C72AA8BE09003729BA /* Extensions */,
				5FDA16BE2AA891CA003729BA /* Fonts.swift */,
			);
			path = Shared;
			sourceTree = "<group>";
		};
		5FDA168E2AA858DB003729BA /* Protocols */ = {
			isa = PBXGroup;
			children = (
				5FDA169C2AA87D54003729BA /* ViewModel */,
				5FDA16CA2AA9AD9B003729BA /* DebugLoging.swift */,
				5FDA168F2AA858FA003729BA /* MessageRepresentable.swift */,
			);
			path = Protocols;
			sourceTree = "<group>";
		};
		5FDA16912AA85DF9003729BA /* Types */ = {
			isa = PBXGroup;
			children = (
				5FDA16922AA85E11003729BA /* ViewEvent.swift */,
				5FDA16C02AA896A5003729BA /* ImageViewModel.swift */,
				5FDA16C52AA8B3CE003729BA /* ImageSource.swift */,
			);
			path = Types;
			sourceTree = "<group>";
		};
		5FDA169C2AA87D54003729BA /* ViewModel */ = {
			isa = PBXGroup;
			children = (
				5FDA16962AA873CF003729BA /* Bindable.swift */,
				5FDA16982AA87C8C003729BA /* ViewModelBaseBinding.swift */,
				5FDA169A2AA87D1D003729BA /* CancelableOwner.swift */,
				5FDA169D2AA87DC8003729BA /* ViewEventHandling.swift */,
				5FDA169F2AA87DE1003729BA /* ViewActionHandling.swift */,
			);
			path = ViewModel;
			sourceTree = "<group>";
		};
		5FDA16A12AA88A15003729BA /* Resources */ = {
			isa = PBXGroup;
			children = (
				5FC9008B2AA709ED002217F0 /* Preview Content */,
				5FDA16A22AA88E8F003729BA /* Fonts */,
				5FDA16BD2AA88FB3003729BA /* Info.plist */,
				5FC900892AA709ED002217F0 /* Assets.xcassets */,
			);
			path = Resources;
			sourceTree = "<group>";
		};
		5FDA16A22AA88E8F003729BA /* Fonts */ = {
			isa = PBXGroup;
			children = (
				5FDA16BB2AA88F26003729BA /* SF-Pro-Display-Regular.otf */,
			);
			path = Fonts;
			sourceTree = "<group>";
		};
		5FDA16C72AA8BE09003729BA /* Extensions */ = {
			isa = PBXGroup;
			children = (
				5FDA16C82AA8BE2A003729BA /* Bundle+appName.swift */,
				5FDA16D62AAC5B06003729BA /* View+CornerRadius.swift */,
			);
			path = Extensions;
			sourceTree = "<group>";
		};
		5FDA16CD2AA9E637003729BA /* UIComponents */ = {
			isa = PBXGroup;
			children = (
				5FDA16CE2AA9E6A6003729BA /* RatingView.swift */,
				5FDA16D02AAAE9E5003729BA /* AddressButtonView.swift */,
				5FDA16D42AAC5AD5003729BA /* RoundedCorner.swift */,
				5FDA16DB2AACAFB7003729BA /* DescriptionView.swift */,
				5FDA16DF2AAEE22B003729BA /* CategoryView.swift */,
				5FDA16EE2AAF2CF8003729BA /* SelectView.swift */,
				5FDA16F02AAF3536003729BA /* NavigationTitledView.swift */,
				5FE46A0C2AB01FB800BA6BAC /* RoomView.swift */,
				5FE46A0E2AB0234D00BA6BAC /* ParticularitiesView.swift */,
			);
			path = UIComponents;
			sourceTree = "<group>";
		};
		5FDA16E32AAF0285003729BA /* Views */ = {
			isa = PBXGroup;
			children = (
				5FDA16E42AAF02CD003729BA /* AboutHotelView.swift */,
				5FDA16EC2AAF1516003729BA /* AboutHotelCategoriesView.swift */,
			);
			path = Views;
			sourceTree = "<group>";
		};
		5FDA16E62AAF098A003729BA /* Modifiers */ = {
			isa = PBXGroup;
			children = (
				5FDA16E72AAF09A7003729BA /* ListRowModifier.swift */,
			);
			path = Modifiers;
			sourceTree = "<group>";
		};
		5FDA16E92AAF100A003729BA /* ViewModels */ = {
			isa = PBXGroup;
			children = (
				5FDA16EA2AAF102E003729BA /* HotelContentCategoryViewModel.swift */,
			);
			path = ViewModels;
			sourceTree = "<group>";
		};
		5FDA16F22AAF37EB003729BA /* SelectNumber */ = {
			isa = PBXGroup;
			children = (
				5FDA16F32AAF3800003729BA /* SelectNumberView.swift */,
				5FDA16F52AAF3812003729BA /* SelectNumberViewModel.swift */,
			);
			path = SelectNumber;
			sourceTree = "<group>";
		};
		5FE46A072AAF3FB700BA6BAC /* RoomsProvider */ = {
			isa = PBXGroup;
			children = (
				5FE46A082AAF3FD300BA6BAC /* Room.swift */,
				5FE46A0A2AAF458600BA6BAC /* RoomsProvider.swift */,
			);
			path = RoomsProvider;
			sourceTree = "<group>";
		};
/* End PBXGroup section */

/* Begin PBXNativeTarget section */
		5FC900812AA709EB002217F0 /* BookingTest */ = {
			isa = PBXNativeTarget;
			buildConfigurationList = 5FC900902AA709ED002217F0 /* Build configuration list for PBXNativeTarget "BookingTest" */;
			buildPhases = (
				5FC9007E2AA709EB002217F0 /* Sources */,
				5FC9007F2AA709EB002217F0 /* Frameworks */,
				5FC900802AA709EB002217F0 /* Resources */,
			);
			buildRules = (
			);
			dependencies = (
			);
			name = BookingTest;
			packageProductDependencies = (
				5FC900972AA7156E002217F0 /* ACarousel */,
				5FC9009A2AA715A5002217F0 /* Swinject */,
				5FC9009D2AA715EB002217F0 /* CombineMoya */,
				5FC9009F2AA715EB002217F0 /* Moya */,
			);
			productName = BookingTest;
			productReference = 5FC900822AA709EB002217F0 /* BookingTest.app */;
			productType = "com.apple.product-type.application";
		};
/* End PBXNativeTarget section */

/* Begin PBXProject section */
		5FC9007A2AA709EB002217F0 /* Project object */ = {
			isa = PBXProject;
			attributes = {
				BuildIndependentTargetsInParallel = 1;
				LastSwiftUpdateCheck = 1430;
				LastUpgradeCheck = 1430;
				TargetAttributes = {
					5FC900812AA709EB002217F0 = {
						CreatedOnToolsVersion = 14.3.1;
					};
				};
			};
			buildConfigurationList = 5FC9007D2AA709EB002217F0 /* Build configuration list for PBXProject "BookingTest" */;
			compatibilityVersion = "Xcode 14.0";
			developmentRegion = en;
			hasScannedForEncodings = 0;
			knownRegions = (
				en,
				Base,
			);
			mainGroup = 5FC900792AA709EB002217F0;
			packageReferences = (
				5FC900962AA7156E002217F0 /* XCRemoteSwiftPackageReference "ACarousel" */,
				5FC900992AA715A5002217F0 /* XCRemoteSwiftPackageReference "Swinject" */,
				5FC9009C2AA715EB002217F0 /* XCRemoteSwiftPackageReference "Moya" */,
			);
			productRefGroup = 5FC900832AA709EB002217F0 /* Products */;
			projectDirPath = "";
			projectRoot = "";
			targets = (
				5FC900812AA709EB002217F0 /* BookingTest */,
			);
		};
/* End PBXProject section */

/* Begin PBXResourcesBuildPhase section */
		5FC900802AA709EB002217F0 /* Resources */ = {
			isa = PBXResourcesBuildPhase;
			buildActionMask = 2147483647;
			files = (
				5FC9008D2AA709ED002217F0 /* Preview Assets.xcassets in Resources */,
				5FDA16BC2AA88F2A003729BA /* SF-Pro-Display-Regular.otf in Resources */,
				5FC9008A2AA709ED002217F0 /* Assets.xcassets in Resources */,
			);
			runOnlyForDeploymentPostprocessing = 0;
		};
/* End PBXResourcesBuildPhase section */

/* Begin PBXSourcesBuildPhase section */
		5FC9007E2AA709EB002217F0 /* Sources */ = {
			isa = PBXSourcesBuildPhase;
			buildActionMask = 2147483647;
			files = (
				5FDA167E2AA83A83003729BA /* HotelView.swift in Sources */,
				5FDA16A02AA87DE1003729BA /* ViewActionHandling.swift in Sources */,
				5FDA16D52AAC5AD5003729BA /* RoundedCorner.swift in Sources */,
				5FDA169B2AA87D1D003729BA /* CancelableOwner.swift in Sources */,
				5FDA16C42AA8B25E003729BA /* ImagesProvider.swift in Sources */,
				5FDA16D72AAC5B06003729BA /* View+CornerRadius.swift in Sources */,
				5FDA16832AA844BA003729BA /* ServicesFactory.swift in Sources */,
				5FDA16972AA873CF003729BA /* Bindable.swift in Sources */,
				5FDA16E52AAF02CD003729BA /* AboutHotelView.swift in Sources */,
				5FDA16CF2AA9E6A6003729BA /* RatingView.swift in Sources */,
				5FE46A0F2AB0234D00BA6BAC /* ParticularitiesView.swift in Sources */,
				5FDA169E2AA87DC8003729BA /* ViewEventHandling.swift in Sources */,
				5FE46A092AAF3FD300BA6BAC /* Room.swift in Sources */,
				5FDA16BF2AA891CA003729BA /* Fonts.swift in Sources */,
				5FDA16DC2AACAFB7003729BA /* DescriptionView.swift in Sources */,
				5FDA16F12AAF3536003729BA /* NavigationTitledView.swift in Sources */,
				5FDA16D12AAAE9E5003729BA /* AddressButtonView.swift in Sources */,
				5FDA16C92AA8BE2A003729BA /* Bundle+appName.swift in Sources */,
				5FDA16932AA85E12003729BA /* ViewEvent.swift in Sources */,
				5FDA16EF2AAF2CF8003729BA /* SelectView.swift in Sources */,
				5FDA16ED2AAF1516003729BA /* AboutHotelCategoriesView.swift in Sources */,
				5FE46A0B2AAF458600BA6BAC /* RoomsProvider.swift in Sources */,
				5FDA16CB2AA9AD9B003729BA /* DebugLoging.swift in Sources */,
				5FDA16F62AAF3812003729BA /* SelectNumberViewModel.swift in Sources */,
				5FDA16952AA872DC003729BA /* HotelViewModel.swift in Sources */,
				5FDA16852AA8455A003729BA /* HotelProvider.swift in Sources */,
				5FDA16902AA858FA003729BA /* MessageRepresentable.swift in Sources */,
				5FDA16C12AA896A5003729BA /* ImageViewModel.swift in Sources */,
				5FDA16EB2AAF102E003729BA /* HotelContentCategoryViewModel.swift in Sources */,
				5FC900862AA709EB002217F0 /* BookingTestApp.swift in Sources */,
				5FE46A0D2AB01FB800BA6BAC /* RoomView.swift in Sources */,
				5FDA16E02AAEE22C003729BA /* CategoryView.swift in Sources */,
				5FDA16992AA87C8C003729BA /* ViewModelBaseBinding.swift in Sources */,
				5FDA16E82AAF09A7003729BA /* ListRowModifier.swift in Sources */,
				5FDA16C62AA8B3CE003729BA /* ImageSource.swift in Sources */,
				5FDA16F42AAF3800003729BA /* SelectNumberView.swift in Sources */,
				5FDA168B2AA84E61003729BA /* API.swift in Sources */,
				5FDA16892AA8458C003729BA /* Hotel.swift in Sources */,
			);
			runOnlyForDeploymentPostprocessing = 0;
		};
/* End PBXSourcesBuildPhase section */

/* Begin XCBuildConfiguration section */
		5FC9008E2AA709ED002217F0 /* Debug */ = {
			isa = XCBuildConfiguration;
			buildSettings = {
				ALWAYS_SEARCH_USER_PATHS = NO;
				CLANG_ANALYZER_NONNULL = YES;
				CLANG_ANALYZER_NUMBER_OBJECT_CONVERSION = YES_AGGRESSIVE;
				CLANG_CXX_LANGUAGE_STANDARD = "gnu++20";
				CLANG_ENABLE_MODULES = YES;
				CLANG_ENABLE_OBJC_ARC = YES;
				CLANG_ENABLE_OBJC_WEAK = YES;
				CLANG_WARN_BLOCK_CAPTURE_AUTORELEASING = YES;
				CLANG_WARN_BOOL_CONVERSION = YES;
				CLANG_WARN_COMMA = YES;
				CLANG_WARN_CONSTANT_CONVERSION = YES;
				CLANG_WARN_DEPRECATED_OBJC_IMPLEMENTATIONS = YES;
				CLANG_WARN_DIRECT_OBJC_ISA_USAGE = YES_ERROR;
				CLANG_WARN_DOCUMENTATION_COMMENTS = YES;
				CLANG_WARN_EMPTY_BODY = YES;
				CLANG_WARN_ENUM_CONVERSION = YES;
				CLANG_WARN_INFINITE_RECURSION = YES;
				CLANG_WARN_INT_CONVERSION = YES;
				CLANG_WARN_NON_LITERAL_NULL_CONVERSION = YES;
				CLANG_WARN_OBJC_IMPLICIT_RETAIN_SELF = YES;
				CLANG_WARN_OBJC_LITERAL_CONVERSION = YES;
				CLANG_WARN_OBJC_ROOT_CLASS = YES_ERROR;
				CLANG_WARN_QUOTED_INCLUDE_IN_FRAMEWORK_HEADER = YES;
				CLANG_WARN_RANGE_LOOP_ANALYSIS = YES;
				CLANG_WARN_STRICT_PROTOTYPES = YES;
				CLANG_WARN_SUSPICIOUS_MOVE = YES;
				CLANG_WARN_UNGUARDED_AVAILABILITY = YES_AGGRESSIVE;
				CLANG_WARN_UNREACHABLE_CODE = YES;
				CLANG_WARN__DUPLICATE_METHOD_MATCH = YES;
				COPY_PHASE_STRIP = NO;
				DEBUG_INFORMATION_FORMAT = dwarf;
				ENABLE_STRICT_OBJC_MSGSEND = YES;
				ENABLE_TESTABILITY = YES;
				GCC_C_LANGUAGE_STANDARD = gnu11;
				GCC_DYNAMIC_NO_PIC = NO;
				GCC_NO_COMMON_BLOCKS = YES;
				GCC_OPTIMIZATION_LEVEL = 0;
				GCC_PREPROCESSOR_DEFINITIONS = (
					"DEBUG=1",
					"$(inherited)",
				);
				GCC_WARN_64_TO_32_BIT_CONVERSION = YES;
				GCC_WARN_ABOUT_RETURN_TYPE = YES_ERROR;
				GCC_WARN_UNDECLARED_SELECTOR = YES;
				GCC_WARN_UNINITIALIZED_AUTOS = YES_AGGRESSIVE;
				GCC_WARN_UNUSED_FUNCTION = YES;
				GCC_WARN_UNUSED_VARIABLE = YES;
				IPHONEOS_DEPLOYMENT_TARGET = 16.4;
				MTL_ENABLE_DEBUG_INFO = INCLUDE_SOURCE;
				MTL_FAST_MATH = YES;
				ONLY_ACTIVE_ARCH = YES;
				SDKROOT = iphoneos;
				SWIFT_ACTIVE_COMPILATION_CONDITIONS = DEBUG;
				SWIFT_OPTIMIZATION_LEVEL = "-Onone";
			};
			name = Debug;
		};
		5FC9008F2AA709ED002217F0 /* Release */ = {
			isa = XCBuildConfiguration;
			buildSettings = {
				ALWAYS_SEARCH_USER_PATHS = NO;
				CLANG_ANALYZER_NONNULL = YES;
				CLANG_ANALYZER_NUMBER_OBJECT_CONVERSION = YES_AGGRESSIVE;
				CLANG_CXX_LANGUAGE_STANDARD = "gnu++20";
				CLANG_ENABLE_MODULES = YES;
				CLANG_ENABLE_OBJC_ARC = YES;
				CLANG_ENABLE_OBJC_WEAK = YES;
				CLANG_WARN_BLOCK_CAPTURE_AUTORELEASING = YES;
				CLANG_WARN_BOOL_CONVERSION = YES;
				CLANG_WARN_COMMA = YES;
				CLANG_WARN_CONSTANT_CONVERSION = YES;
				CLANG_WARN_DEPRECATED_OBJC_IMPLEMENTATIONS = YES;
				CLANG_WARN_DIRECT_OBJC_ISA_USAGE = YES_ERROR;
				CLANG_WARN_DOCUMENTATION_COMMENTS = YES;
				CLANG_WARN_EMPTY_BODY = YES;
				CLANG_WARN_ENUM_CONVERSION = YES;
				CLANG_WARN_INFINITE_RECURSION = YES;
				CLANG_WARN_INT_CONVERSION = YES;
				CLANG_WARN_NON_LITERAL_NULL_CONVERSION = YES;
				CLANG_WARN_OBJC_IMPLICIT_RETAIN_SELF = YES;
				CLANG_WARN_OBJC_LITERAL_CONVERSION = YES;
				CLANG_WARN_OBJC_ROOT_CLASS = YES_ERROR;
				CLANG_WARN_QUOTED_INCLUDE_IN_FRAMEWORK_HEADER = YES;
				CLANG_WARN_RANGE_LOOP_ANALYSIS = YES;
				CLANG_WARN_STRICT_PROTOTYPES = YES;
				CLANG_WARN_SUSPICIOUS_MOVE = YES;
				CLANG_WARN_UNGUARDED_AVAILABILITY = YES_AGGRESSIVE;
				CLANG_WARN_UNREACHABLE_CODE = YES;
				CLANG_WARN__DUPLICATE_METHOD_MATCH = YES;
				COPY_PHASE_STRIP = NO;
				DEBUG_INFORMATION_FORMAT = "dwarf-with-dsym";
				ENABLE_NS_ASSERTIONS = NO;
				ENABLE_STRICT_OBJC_MSGSEND = YES;
				GCC_C_LANGUAGE_STANDARD = gnu11;
				GCC_NO_COMMON_BLOCKS = YES;
				GCC_WARN_64_TO_32_BIT_CONVERSION = YES;
				GCC_WARN_ABOUT_RETURN_TYPE = YES_ERROR;
				GCC_WARN_UNDECLARED_SELECTOR = YES;
				GCC_WARN_UNINITIALIZED_AUTOS = YES_AGGRESSIVE;
				GCC_WARN_UNUSED_FUNCTION = YES;
				GCC_WARN_UNUSED_VARIABLE = YES;
				IPHONEOS_DEPLOYMENT_TARGET = 16.4;
				MTL_ENABLE_DEBUG_INFO = NO;
				MTL_FAST_MATH = YES;
				SDKROOT = iphoneos;
				SWIFT_COMPILATION_MODE = wholemodule;
				SWIFT_OPTIMIZATION_LEVEL = "-O";
				VALIDATE_PRODUCT = YES;
			};
			name = Release;
		};
		5FC900912AA709ED002217F0 /* Debug */ = {
			isa = XCBuildConfiguration;
			buildSettings = {
				ASSETCATALOG_COMPILER_APPICON_NAME = AppIcon;
				ASSETCATALOG_COMPILER_GLOBAL_ACCENT_COLOR_NAME = AccentColor;
				CODE_SIGN_STYLE = Automatic;
				CURRENT_PROJECT_VERSION = 1;
				DEVELOPMENT_ASSET_PATHS = "\"BookingTest/Resources/Preview Content\"";
				ENABLE_PREVIEWS = YES;
				GENERATE_INFOPLIST_FILE = YES;
				INFOPLIST_FILE = BookingTest/Resources/Info.plist;
				INFOPLIST_KEY_CFBundleDisplayName = "Booking test task";
				INFOPLIST_KEY_UIApplicationSceneManifest_Generation = YES;
				INFOPLIST_KEY_UIApplicationSupportsIndirectInputEvents = YES;
				INFOPLIST_KEY_UILaunchScreen_Generation = YES;
				INFOPLIST_KEY_UISupportedInterfaceOrientations = UIInterfaceOrientationPortrait;
				LD_RUNPATH_SEARCH_PATHS = (
					"$(inherited)",
					"@executable_path/Frameworks",
				);
				MARKETING_VERSION = 1.0;
				PRODUCT_BUNDLE_IDENTIFIER = vit.test.BookingTest;
				PRODUCT_NAME = "$(TARGET_NAME)";
				SWIFT_EMIT_LOC_STRINGS = YES;
				SWIFT_VERSION = 5.0;
				TARGETED_DEVICE_FAMILY = "1,2";
			};
			name = Debug;
		};
		5FC900922AA709ED002217F0 /* Release */ = {
			isa = XCBuildConfiguration;
			buildSettings = {
				ASSETCATALOG_COMPILER_APPICON_NAME = AppIcon;
				ASSETCATALOG_COMPILER_GLOBAL_ACCENT_COLOR_NAME = AccentColor;
				CODE_SIGN_STYLE = Automatic;
				CURRENT_PROJECT_VERSION = 1;
				DEVELOPMENT_ASSET_PATHS = "\"BookingTest/Resources/Preview Content\"";
				ENABLE_PREVIEWS = YES;
				GENERATE_INFOPLIST_FILE = YES;
				INFOPLIST_FILE = BookingTest/Resources/Info.plist;
				INFOPLIST_KEY_CFBundleDisplayName = "Booking test task";
				INFOPLIST_KEY_UIApplicationSceneManifest_Generation = YES;
				INFOPLIST_KEY_UIApplicationSupportsIndirectInputEvents = YES;
				INFOPLIST_KEY_UILaunchScreen_Generation = YES;
				INFOPLIST_KEY_UISupportedInterfaceOrientations = UIInterfaceOrientationPortrait;
				LD_RUNPATH_SEARCH_PATHS = (
					"$(inherited)",
					"@executable_path/Frameworks",
				);
				MARKETING_VERSION = 1.0;
				PRODUCT_BUNDLE_IDENTIFIER = vit.test.BookingTest;
				PRODUCT_NAME = "$(TARGET_NAME)";
				SWIFT_EMIT_LOC_STRINGS = YES;
				SWIFT_VERSION = 5.0;
				TARGETED_DEVICE_FAMILY = "1,2";
			};
			name = Release;
		};
/* End XCBuildConfiguration section */

/* Begin XCConfigurationList section */
		5FC9007D2AA709EB002217F0 /* Build configuration list for PBXProject "BookingTest" */ = {
			isa = XCConfigurationList;
			buildConfigurations = (
				5FC9008E2AA709ED002217F0 /* Debug */,
				5FC9008F2AA709ED002217F0 /* Release */,
			);
			defaultConfigurationIsVisible = 0;
			defaultConfigurationName = Release;
		};
		5FC900902AA709ED002217F0 /* Build configuration list for PBXNativeTarget "BookingTest" */ = {
			isa = XCConfigurationList;
			buildConfigurations = (
				5FC900912AA709ED002217F0 /* Debug */,
				5FC900922AA709ED002217F0 /* Release */,
			);
			defaultConfigurationIsVisible = 0;
			defaultConfigurationName = Release;
		};
/* End XCConfigurationList section */

/* Begin XCRemoteSwiftPackageReference section */
		5FC900962AA7156E002217F0 /* XCRemoteSwiftPackageReference "ACarousel" */ = {
			isa = XCRemoteSwiftPackageReference;
			repositoryURL = "https://github.com/JWAutumn/ACarousel";
			requirement = {
				kind = upToNextMajorVersion;
				minimumVersion = 0.2.0;
			};
		};
		5FC900992AA715A5002217F0 /* XCRemoteSwiftPackageReference "Swinject" */ = {
			isa = XCRemoteSwiftPackageReference;
			repositoryURL = "https://github.com/Swinject/Swinject";
			requirement = {
				kind = upToNextMajorVersion;
				minimumVersion = 2.0.0;
			};
		};
		5FC9009C2AA715EB002217F0 /* XCRemoteSwiftPackageReference "Moya" */ = {
			isa = XCRemoteSwiftPackageReference;
			repositoryURL = "https://github.com/Moya/Moya";
			requirement = {
				kind = upToNextMajorVersion;
				minimumVersion = 15.0.0;
			};
		};
/* End XCRemoteSwiftPackageReference section */

/* Begin XCSwiftPackageProductDependency section */
		5FC900972AA7156E002217F0 /* ACarousel */ = {
			isa = XCSwiftPackageProductDependency;
			package = 5FC900962AA7156E002217F0 /* XCRemoteSwiftPackageReference "ACarousel" */;
			productName = ACarousel;
		};
		5FC9009A2AA715A5002217F0 /* Swinject */ = {
			isa = XCSwiftPackageProductDependency;
			package = 5FC900992AA715A5002217F0 /* XCRemoteSwiftPackageReference "Swinject" */;
			productName = Swinject;
		};
		5FC9009D2AA715EB002217F0 /* CombineMoya */ = {
			isa = XCSwiftPackageProductDependency;
			package = 5FC9009C2AA715EB002217F0 /* XCRemoteSwiftPackageReference "Moya" */;
			productName = CombineMoya;
		};
		5FC9009F2AA715EB002217F0 /* Moya */ = {
			isa = XCSwiftPackageProductDependency;
			package = 5FC9009C2AA715EB002217F0 /* XCRemoteSwiftPackageReference "Moya" */;
			productName = Moya;
		};
/* End XCSwiftPackageProductDependency section */
	};
	rootObject = 5FC9007A2AA709EB002217F0 /* Project object */;
}
